// !$*UTF8*$!
{
	archiveVersion = 1;
	classes = {
	};
	objectVersion = 56;
	objects = {

/* Begin PBXBuildFile section */
		E32247D52C7180FF00343FA4 /* AppDelegate.swift in Sources */ = {isa = PBXBuildFile; fileRef = E32247D42C7180FF00343FA4 /* AppDelegate.swift */; };
		E32247D72C7180FF00343FA4 /* SceneDelegate.swift in Sources */ = {isa = PBXBuildFile; fileRef = E32247D62C7180FF00343FA4 /* SceneDelegate.swift */; };
		E32247D92C7180FF00343FA4 /* ViewController.swift in Sources */ = {isa = PBXBuildFile; fileRef = E32247D82C7180FF00343FA4 /* ViewController.swift */; };
		E32247DC2C7180FF00343FA4 /* Base in Resources */ = {isa = PBXBuildFile; fileRef = E32247DB2C7180FF00343FA4 /* Base */; };
		E32247DE2C71810000343FA4 /* Assets.xcassets in Resources */ = {isa = PBXBuildFile; fileRef = E32247DD2C71810000343FA4 /* Assets.xcassets */; };
		E32247E12C71810000343FA4 /* Base in Resources */ = {isa = PBXBuildFile; fileRef = E32247E02C71810000343FA4 /* Base */; };
		E32247EC2C71810100343FA4 /* Cookie_ClickerTests.swift in Sources */ = {isa = PBXBuildFile; fileRef = E32247EB2C71810100343FA4 /* Cookie_ClickerTests.swift */; };
		E32247F62C71810100343FA4 /* Cookie_ClickerUITests.swift in Sources */ = {isa = PBXBuildFile; fileRef = E32247F52C71810100343FA4 /* Cookie_ClickerUITests.swift */; };
		E32247F82C71810100343FA4 /* Cookie_ClickerUITestsLaunchTests.swift in Sources */ = {isa = PBXBuildFile; fileRef = E32247F72C71810100343FA4 /* Cookie_ClickerUITestsLaunchTests.swift */; };
/* End PBXBuildFile section */

/* Begin PBXContainerItemProxy section */
		E32247E82C71810100343FA4 /* PBXContainerItemProxy */ = {
			isa = PBXContainerItemProxy;
			containerPortal = E32247C92C7180FF00343FA4 /* Project object */;
			proxyType = 1;
			remoteGlobalIDString = E32247D02C7180FF00343FA4;
			remoteInfo = "Cookie Clicker";
		};
		E32247F22C71810100343FA4 /* PBXContainerItemProxy */ = {
			isa = PBXContainerItemProxy;
			containerPortal = E32247C92C7180FF00343FA4 /* Project object */;
			proxyType = 1;
			remoteGlobalIDString = E32247D02C7180FF00343FA4;
			remoteInfo = "Cookie Clicker";
		};
/* End PBXContainerItemProxy section */

/* Begin PBXFileReference section */
		E32247D12C7180FF00343FA4 /* Cookie Clicker.app */ = {isa = PBXFileReference; explicitFileType = wrapper.application; includeInIndex = 0; path = "Cookie Clicker.app"; sourceTree = BUILT_PRODUCTS_DIR; };
		E32247D42C7180FF00343FA4 /* AppDelegate.swift */ = {isa = PBXFileReference; lastKnownFileType = sourcecode.swift; path = AppDelegate.swift; sourceTree = "<group>"; };
		E32247D62C7180FF00343FA4 /* SceneDelegate.swift */ = {isa = PBXFileReference; lastKnownFileType = sourcecode.swift; path = SceneDelegate.swift; sourceTree = "<group>"; };
		E32247D82C7180FF00343FA4 /* ViewController.swift */ = {isa = PBXFileReference; lastKnownFileType = sourcecode.swift; path = ViewController.swift; sourceTree = "<group>"; };
		E32247DB2C7180FF00343FA4 /* Base */ = {isa = PBXFileReference; lastKnownFileType = file.storyboard; name = Base; path = Base.lproj/Main.storyboard; sourceTree = "<group>"; };
		E32247DD2C71810000343FA4 /* Assets.xcassets */ = {isa = PBXFileReference; lastKnownFileType = folder.assetcatalog; path = Assets.xcassets; sourceTree = "<group>"; };
		E32247E02C71810000343FA4 /* Base */ = {isa = PBXFileReference; lastKnownFileType = file.storyboard; name = Base; path = Base.lproj/LaunchScreen.storyboard; sourceTree = "<group>"; };
		E32247E22C71810000343FA4 /* Info.plist */ = {isa = PBXFileReference; lastKnownFileType = text.plist.xml; path = Info.plist; sourceTree = "<group>"; };
		E32247E72C71810100343FA4 /* Cookie ClickerTests.xctest */ = {isa = PBXFileReference; explicitFileType = wrapper.cfbundle; includeInIndex = 0; path = "Cookie ClickerTests.xctest"; sourceTree = BUILT_PRODUCTS_DIR; };
		E32247EB2C71810100343FA4 /* Cookie_ClickerTests.swift */ = {isa = PBXFileReference; lastKnownFileType = sourcecode.swift; path = Cookie_ClickerTests.swift; sourceTree = "<group>"; };
		E32247F12C71810100343FA4 /* Cookie ClickerUITests.xctest */ = {isa = PBXFileReference; explicitFileType = wrapper.cfbundle; includeInIndex = 0; path = "Cookie ClickerUITests.xctest"; sourceTree = BUILT_PRODUCTS_DIR; };
		E32247F52C71810100343FA4 /* Cookie_ClickerUITests.swift */ = {isa = PBXFileReference; lastKnownFileType = sourcecode.swift; path = Cookie_ClickerUITests.swift; sourceTree = "<group>"; };
		E32247F72C71810100343FA4 /* Cookie_ClickerUITestsLaunchTests.swift */ = {isa = PBXFileReference; lastKnownFileType = sourcecode.swift; path = Cookie_ClickerUITestsLaunchTests.swift; sourceTree = "<group>"; };
/* End PBXFileReference section */

/* Begin PBXFrameworksBuildPhase section */
		E32247CE2C7180FF00343FA4 /* Frameworks */ = {
			isa = PBXFrameworksBuildPhase;
			buildActionMask = 2147483647;
			files = (
			);
			runOnlyForDeploymentPostprocessing = 0;
		};
		E32247E42C71810100343FA4 /* Frameworks */ = {
			isa = PBXFrameworksBuildPhase;
			buildActionMask = 2147483647;
			files = (
			);
			runOnlyForDeploymentPostprocessing = 0;
		};
		E32247EE2C71810100343FA4 /* Frameworks */ = {
			isa = PBXFrameworksBuildPhase;
			buildActionMask = 2147483647;
			files = (
			);
			runOnlyForDeploymentPostprocessing = 0;
		};
/* End PBXFrameworksBuildPhase section */

/* Begin PBXGroup section */
		E32247C82C7180FF00343FA4 = {
			isa = PBXGroup;
			children = (
				E32247D32C7180FF00343FA4 /* Cookie Clicker */,
				E32247EA2C71810100343FA4 /* Cookie ClickerTests */,
				E32247F42C71810100343FA4 /* Cookie ClickerUITests */,
				E32247D22C7180FF00343FA4 /* Products */,
			);
			sourceTree = "<group>";
		};
		E32247D22C7180FF00343FA4 /* Products */ = {
			isa = PBXGroup;
			children = (
				E32247D12C7180FF00343FA4 /* Cookie Clicker.app */,
				E32247E72C71810100343FA4 /* Cookie ClickerTests.xctest */,
				E32247F12C71810100343FA4 /* Cookie ClickerUITests.xctest */,
			);
			name = Products;
			sourceTree = "<group>";
		};
		E32247D32C7180FF00343FA4 /* Cookie Clicker */ = {
			isa = PBXGroup;
			children = (
				E32247D42C7180FF00343FA4 /* AppDelegate.swift */,
				E32247D62C7180FF00343FA4 /* SceneDelegate.swift */,
				E32247D82C7180FF00343FA4 /* ViewController.swift */,
				E32247DA2C7180FF00343FA4 /* Main.storyboard */,
				E32247DD2C71810000343FA4 /* Assets.xcassets */,
				E32247DF2C71810000343FA4 /* LaunchScreen.storyboard */,
				E32247E22C71810000343FA4 /* Info.plist */,
			);
			path = "Cookie Clicker";
			sourceTree = "<group>";
		};
		E32247EA2C71810100343FA4 /* Cookie ClickerTests */ = {
			isa = PBXGroup;
			children = (
				E32247EB2C71810100343FA4 /* Cookie_ClickerTests.swift */,
			);
			path = "Cookie ClickerTests";
			sourceTree = "<group>";
		};
		E32247F42C71810100343FA4 /* Cookie ClickerUITests */ = {
			isa = PBXGroup;
			children = (
				E32247F52C71810100343FA4 /* Cookie_ClickerUITests.swift */,
				E32247F72C71810100343FA4 /* Cookie_ClickerUITestsLaunchTests.swift */,
			);
			path = "Cookie ClickerUITests";
			sourceTree = "<group>";
		};
/* End PBXGroup section */

/* Begin PBXNativeTarget section */
		E32247D02C7180FF00343FA4 /* Cookie Clicker */ = {
			isa = PBXNativeTarget;
			buildConfigurationList = E32247FB2C71810100343FA4 /* Build configuration list for PBXNativeTarget "Cookie Clicker" */;
			buildPhases = (
				E32247CD2C7180FF00343FA4 /* Sources */,
				E32247CE2C7180FF00343FA4 /* Frameworks */,
				E32247CF2C7180FF00343FA4 /* Resources */,
			);
			buildRules = (
			);
			dependencies = (
			);
			name = "Cookie Clicker";
			productName = "Cookie Clicker";
			productReference = E32247D12C7180FF00343FA4 /* Cookie Clicker.app */;
			productType = "com.apple.product-type.application";
		};
		E32247E62C71810100343FA4 /* Cookie ClickerTests */ = {
			isa = PBXNativeTarget;
			buildConfigurationList = E32247FE2C71810100343FA4 /* Build configuration list for PBXNativeTarget "Cookie ClickerTests" */;
			buildPhases = (
				E32247E32C71810100343FA4 /* Sources */,
				E32247E42C71810100343FA4 /* Frameworks */,
				E32247E52C71810100343FA4 /* Resources */,
			);
			buildRules = (
			);
			dependencies = (
				E32247E92C71810100343FA4 /* PBXTargetDependency */,
			);
			name = "Cookie ClickerTests";
			productName = "Cookie ClickerTests";
			productReference = E32247E72C71810100343FA4 /* Cookie ClickerTests.xctest */;
			productType = "com.apple.product-type.bundle.unit-test";
		};
		E32247F02C71810100343FA4 /* Cookie ClickerUITests */ = {
			isa = PBXNativeTarget;
			buildConfigurationList = E32248012C71810100343FA4 /* Build configuration list for PBXNativeTarget "Cookie ClickerUITests" */;
			buildPhases = (
				E32247ED2C71810100343FA4 /* Sources */,
				E32247EE2C71810100343FA4 /* Frameworks */,
				E32247EF2C71810100343FA4 /* Resources */,
			);
			buildRules = (
			);
			dependencies = (
				E32247F32C71810100343FA4 /* PBXTargetDependency */,
			);
			name = "Cookie ClickerUITests";
			productName = "Cookie ClickerUITests";
			productReference = E32247F12C71810100343FA4 /* Cookie ClickerUITests.xctest */;
			productType = "com.apple.product-type.bundle.ui-testing";
		};
/* End PBXNativeTarget section */

/* Begin PBXProject section */
		E32247C92C7180FF00343FA4 /* Project object */ = {
			isa = PBXProject;
			attributes = {
				BuildIndependentTargetsInParallel = 1;
				LastSwiftUpdateCheck = 1540;
				LastUpgradeCheck = 1540;
				TargetAttributes = {
					E32247D02C7180FF00343FA4 = {
						CreatedOnToolsVersion = 15.4;
					};
					E32247E62C71810100343FA4 = {
						CreatedOnToolsVersion = 15.4;
						TestTargetID = E32247D02C7180FF00343FA4;
					};
					E32247F02C71810100343FA4 = {
						CreatedOnToolsVersion = 15.4;
						TestTargetID = E32247D02C7180FF00343FA4;
					};
				};
			};
			buildConfigurationList = E32247CC2C7180FF00343FA4 /* Build configuration list for PBXProject "Cookie Clicker" */;
			compatibilityVersion = "Xcode 14.0";
			developmentRegion = en;
			hasScannedForEncodings = 0;
			knownRegions = (
				en,
				Base,
			);
			mainGroup = E32247C82C7180FF00343FA4;
			productRefGroup = E32247D22C7180FF00343FA4 /* Products */;
			projectDirPath = "";
			projectRoot = "";
			targets = (
				E32247D02C7180FF00343FA4 /* Cookie Clicker */,
				E32247E62C71810100343FA4 /* Cookie ClickerTests */,
				E32247F02C71810100343FA4 /* Cookie ClickerUITests */,
			);
		};
/* End PBXProject section */

/* Begin PBXResourcesBuildPhase section */
		E32247CF2C7180FF00343FA4 /* Resources */ = {
			isa = PBXResourcesBuildPhase;
			buildActionMask = 2147483647;
			files = (
				E32247DE2C71810000343FA4 /* Assets.xcassets in Resources */,
				E32247E12C71810000343FA4 /* Base in Resources */,
				E32247DC2C7180FF00343FA4 /* Base in Resources */,
			);
			runOnlyForDeploymentPostprocessing = 0;
		};
		E32247E52C71810100343FA4 /* Resources */ = {
			isa = PBXResourcesBuildPhase;
			buildActionMask = 2147483647;
			files = (
			);
			runOnlyForDeploymentPostprocessing = 0;
		};
		E32247EF2C71810100343FA4 /* Resources */ = {
			isa = PBXResourcesBuildPhase;
			buildActionMask = 2147483647;
			files = (
			);
			runOnlyForDeploymentPostprocessing = 0;
		};
/* End PBXResourcesBuildPhase section */

/* Begin PBXSourcesBuildPhase section */
		E32247CD2C7180FF00343FA4 /* Sources */ = {
			isa = PBXSourcesBuildPhase;
			buildActionMask = 2147483647;
			files = (
				E32247D92C7180FF00343FA4 /* ViewController.swift in Sources */,
				E32247D52C7180FF00343FA4 /* AppDelegate.swift in Sources */,
				E32247D72C7180FF00343FA4 /* SceneDelegate.swift in Sources */,
			);
			runOnlyForDeploymentPostprocessing = 0;
		};
		E32247E32C71810100343FA4 /* Sources */ = {
			isa = PBXSourcesBuildPhase;
			buildActionMask = 2147483647;
			files = (
				E32247EC2C71810100343FA4 /* Cookie_ClickerTests.swift in Sources */,
			);
			runOnlyForDeploymentPostprocessing = 0;
		};
		E32247ED2C71810100343FA4 /* Sources */ = {
			isa = PBXSourcesBuildPhase;
			buildActionMask = 2147483647;
			files = (
				E32247F82C71810100343FA4 /* Cookie_ClickerUITestsLaunchTests.swift in Sources */,
				E32247F62C71810100343FA4 /* Cookie_ClickerUITests.swift in Sources */,
			);
			runOnlyForDeploymentPostprocessing = 0;
		};
/* End PBXSourcesBuildPhase section */

/* Begin PBXTargetDependency section */
		E32247E92C71810100343FA4 /* PBXTargetDependency */ = {
			isa = PBXTargetDependency;
			target = E32247D02C7180FF00343FA4 /* Cookie Clicker */;
			targetProxy = E32247E82C71810100343FA4 /* PBXContainerItemProxy */;
		};
		E32247F32C71810100343FA4 /* PBXTargetDependency */ = {
			isa = PBXTargetDependency;
			target = E32247D02C7180FF00343FA4 /* Cookie Clicker */;
			targetProxy = E32247F22C71810100343FA4 /* PBXContainerItemProxy */;
		};
/* End PBXTargetDependency section */

/* Begin PBXVariantGroup section */
		E32247DA2C7180FF00343FA4 /* Main.storyboard */ = {
			isa = PBXVariantGroup;
			children = (
				E32247DB2C7180FF00343FA4 /* Base */,
			);
			name = Main.storyboard;
			sourceTree = "<group>";
		};
		E32247DF2C71810000343FA4 /* LaunchScreen.storyboard */ = {
			isa = PBXVariantGroup;
			children = (
				E32247E02C71810000343FA4 /* Base */,
			);
			name = LaunchScreen.storyboard;
			sourceTree = "<group>";
		};
/* End PBXVariantGroup section */

/* Begin XCBuildConfiguration section */
		E32247F92C71810100343FA4 /* Debug */ = {
			isa = XCBuildConfiguration;
			buildSettings = {
				ALWAYS_SEARCH_USER_PATHS = NO;
				ASSETCATALOG_COMPILER_GENERATE_SWIFT_ASSET_SYMBOL_EXTENSIONS = YES;
				CLANG_ANALYZER_NONNULL = YES;
				CLANG_ANALYZER_NUMBER_OBJECT_CONVERSION = YES_AGGRESSIVE;
				CLANG_CXX_LANGUAGE_STANDARD = "gnu++20";
				CLANG_ENABLE_MODULES = YES;
				CLANG_ENABLE_OBJC_ARC = YES;
				CLANG_ENABLE_OBJC_WEAK = YES;
				CLANG_WARN_BLOCK_CAPTURE_AUTORELEASING = YES;
				CLANG_WARN_BOOL_CONVERSION = YES;
				CLANG_WARN_COMMA = YES;
				CLANG_WARN_CONSTANT_CONVERSION = YES;
				CLANG_WARN_DEPRECATED_OBJC_IMPLEMENTATIONS = YES;
				CLANG_WARN_DIRECT_OBJC_ISA_USAGE = YES_ERROR;
				CLANG_WARN_DOCUMENTATION_COMMENTS = YES;
				CLANG_WARN_EMPTY_BODY = YES;
				CLANG_WARN_ENUM_CONVERSION = YES;
				CLANG_WARN_INFINITE_RECURSION = YES;
				CLANG_WARN_INT_CONVERSION = YES;
				CLANG_WARN_NON_LITERAL_NULL_CONVERSION = YES;
				CLANG_WARN_OBJC_IMPLICIT_RETAIN_SELF = YES;
				CLANG_WARN_OBJC_LITERAL_CONVERSION = YES;
				CLANG_WARN_OBJC_ROOT_CLASS = YES_ERROR;
				CLANG_WARN_QUOTED_INCLUDE_IN_FRAMEWORK_HEADER = YES;
				CLANG_WARN_RANGE_LOOP_ANALYSIS = YES;
				CLANG_WARN_STRICT_PROTOTYPES = YES;
				CLANG_WARN_SUSPICIOUS_MOVE = YES;
				CLANG_WARN_UNGUARDED_AVAILABILITY = YES_AGGRESSIVE;
				CLANG_WARN_UNREACHABLE_CODE = YES;
				CLANG_WARN__DUPLICATE_METHOD_MATCH = YES;
				COPY_PHASE_STRIP = NO;
				DEBUG_INFORMATION_FORMAT = dwarf;
				ENABLE_STRICT_OBJC_MSGSEND = YES;
				ENABLE_TESTABILITY = YES;
				ENABLE_USER_SCRIPT_SANDBOXING = YES;
				GCC_C_LANGUAGE_STANDARD = gnu17;
				GCC_DYNAMIC_NO_PIC = NO;
				GCC_NO_COMMON_BLOCKS = YES;
				GCC_OPTIMIZATION_LEVEL = 0;
				GCC_PREPROCESSOR_DEFINITIONS = (
					"DEBUG=1",
					"$(inherited)",
				);
				GCC_WARN_64_TO_32_BIT_CONVERSION = YES;
				GCC_WARN_ABOUT_RETURN_TYPE = YES_ERROR;
				GCC_WARN_UNDECLARED_SELECTOR = YES;
				GCC_WARN_UNINITIALIZED_AUTOS = YES_AGGRESSIVE;
				GCC_WARN_UNUSED_FUNCTION = YES;
				GCC_WARN_UNUSED_VARIABLE = YES;
				IPHONEOS_DEPLOYMENT_TARGET = 17.5;
				LOCALIZATION_PREFERS_STRING_CATALOGS = YES;
				MTL_ENABLE_DEBUG_INFO = INCLUDE_SOURCE;
				MTL_FAST_MATH = YES;
				ONLY_ACTIVE_ARCH = YES;
				SDKROOT = iphoneos;
				SWIFT_ACTIVE_COMPILATION_CONDITIONS = "DEBUG $(inherited)";
				SWIFT_OPTIMIZATION_LEVEL = "-Onone";
			};
			name = Debug;
		};
		E32247FA2C71810100343FA4 /* Release */ = {
			isa = XCBuildConfiguration;
			buildSettings = {
				ALWAYS_SEARCH_USER_PATHS = NO;
				ASSETCATALOG_COMPILER_GENERATE_SWIFT_ASSET_SYMBOL_EXTENSIONS = YES;
				CLANG_ANALYZER_NONNULL = YES;
				CLANG_ANALYZER_NUMBER_OBJECT_CONVERSION = YES_AGGRESSIVE;
				CLANG_CXX_LANGUAGE_STANDARD = "gnu++20";
				CLANG_ENABLE_MODULES = YES;
				CLANG_ENABLE_OBJC_ARC = YES;
				CLANG_ENABLE_OBJC_WEAK = YES;
				CLANG_WARN_BLOCK_CAPTURE_AUTORELEASING = YES;
				CLANG_WARN_BOOL_CONVERSION = YES;
				CLANG_WARN_COMMA = YES;
				CLANG_WARN_CONSTANT_CONVERSION = YES;
				CLANG_WARN_DEPRECATED_OBJC_IMPLEMENTATIONS = YES;
				CLANG_WARN_DIRECT_OBJC_ISA_USAGE = YES_ERROR;
				CLANG_WARN_DOCUMENTATION_COMMENTS = YES;
				CLANG_WARN_EMPTY_BODY = YES;
				CLANG_WARN_ENUM_CONVERSION = YES;
				CLANG_WARN_INFINITE_RECURSION = YES;
				CLANG_WARN_INT_CONVERSION = YES;
				CLANG_WARN_NON_LITERAL_NULL_CONVERSION = YES;
				CLANG_WARN_OBJC_IMPLICIT_RETAIN_SELF = YES;
				CLANG_WARN_OBJC_LITERAL_CONVERSION = YES;
				CLANG_WARN_OBJC_ROOT_CLASS = YES_ERROR;
				CLANG_WARN_QUOTED_INCLUDE_IN_FRAMEWORK_HEADER = YES;
				CLANG_WARN_RANGE_LOOP_ANALYSIS = YES;
				CLANG_WARN_STRICT_PROTOTYPES = YES;
				CLANG_WARN_SUSPICIOUS_MOVE = YES;
				CLANG_WARN_UNGUARDED_AVAILABILITY = YES_AGGRESSIVE;
				CLANG_WARN_UNREACHABLE_CODE = YES;
				CLANG_WARN__DUPLICATE_METHOD_MATCH = YES;
				COPY_PHASE_STRIP = NO;
				DEBUG_INFORMATION_FORMAT = "dwarf-with-dsym";
				ENABLE_NS_ASSERTIONS = NO;
				ENABLE_STRICT_OBJC_MSGSEND = YES;
				ENABLE_USER_SCRIPT_SANDBOXING = YES;
				GCC_C_LANGUAGE_STANDARD = gnu17;
				GCC_NO_COMMON_BLOCKS = YES;
				GCC_WARN_64_TO_32_BIT_CONVERSION = YES;
				GCC_WARN_ABOUT_RETURN_TYPE = YES_ERROR;
				GCC_WARN_UNDECLARED_SELECTOR = YES;
				GCC_WARN_UNINITIALIZED_AUTOS = YES_AGGRESSIVE;
				GCC_WARN_UNUSED_FUNCTION = YES;
				GCC_WARN_UNUSED_VARIABLE = YES;
				IPHONEOS_DEPLOYMENT_TARGET = 17.5;
				LOCALIZATION_PREFERS_STRING_CATALOGS = YES;
				MTL_ENABLE_DEBUG_INFO = NO;
				MTL_FAST_MATH = YES;
				SDKROOT = iphoneos;
				SWIFT_COMPILATION_MODE = wholemodule;
				VALIDATE_PRODUCT = YES;
			};
			name = Release;
		};
		E32247FC2C71810100343FA4 /* Debug */ = {
			isa = XCBuildConfiguration;
			buildSettings = {
				ASSETCATALOG_COMPILER_APPICON_NAME = AppIcon;
				ASSETCATALOG_COMPILER_GLOBAL_ACCENT_COLOR_NAME = AccentColor;
				CODE_SIGN_STYLE = Automatic;
				CURRENT_PROJECT_VERSION = 1;
				DEVELOPMENT_TEAM = 272BFAFYH6;
				GENERATE_INFOPLIST_FILE = YES;
				INFOPLIST_FILE = "Cookie Clicker/Info.plist";
				INFOPLIST_KEY_UIApplicationSupportsIndirectInputEvents = YES;
				INFOPLIST_KEY_UILaunchStoryboardName = LaunchScreen;
				INFOPLIST_KEY_UIMainStoryboardFile = Main;
				INFOPLIST_KEY_UISupportedInterfaceOrientations_iPad = "UIInterfaceOrientationPortrait UIInterfaceOrientationPortraitUpsideDown UIInterfaceOrientationLandscapeLeft UIInterfaceOrientationLandscapeRight";
				INFOPLIST_KEY_UISupportedInterfaceOrientations_iPhone = "UIInterfaceOrientationPortrait UIInterfaceOrientationLandscapeLeft UIInterfaceOrientationLandscapeRight";
				LD_RUNPATH_SEARCH_PATHS = (
					"$(inherited)",
					"@executable_path/Frameworks",
				);
				MARKETING_VERSION = 1.0;
				PRODUCT_BUNDLE_IDENTIFIER = "com.atucomp.Cookie-Clicker";
				PRODUCT_NAME = "$(TARGET_NAME)";
				SWIFT_EMIT_LOC_STRINGS = YES;
				SWIFT_VERSION = 5.0;
				TARGETED_DEVICE_FAMILY = "1,2";
			};
			name = Debug;
		};
		E32247FD2C71810100343FA4 /* Release */ = {
			isa = XCBuildConfiguration;
			buildSettings = {
				ASSETCATALOG_COMPILER_APPICON_NAME = AppIcon;
				ASSETCATALOG_COMPILER_GLOBAL_ACCENT_COLOR_NAME = AccentColor;
				CODE_SIGN_STYLE = Automatic;
				CURRENT_PROJECT_VERSION = 1;
				DEVELOPMENT_TEAM = 272BFAFYH6;
				GENERATE_INFOPLIST_FILE = YES;
				INFOPLIST_FILE = "Cookie Clicker/Info.plist";
				INFOPLIST_KEY_UIApplicationSupportsIndirectInputEvents = YES;
				INFOPLIST_KEY_UILaunchStoryboardName = LaunchScreen;
				INFOPLIST_KEY_UIMainStoryboardFile = Main;
				INFOPLIST_KEY_UISupportedInterfaceOrientations_iPad = "UIInterfaceOrientationPortrait UIInterfaceOrientationPortraitUpsideDown UIInterfaceOrientationLandscapeLeft UIInterfaceOrientationLandscapeRight";
				INFOPLIST_KEY_UISupportedInterfaceOrientations_iPhone = "UIInterfaceOrientationPortrait UIInterfaceOrientationLandscapeLeft UIInterfaceOrientationLandscapeRight";
				LD_RUNPATH_SEARCH_PATHS = (
					"$(inherited)",
					"@executable_path/Frameworks",
				);
				MARKETING_VERSION = 1.0;
				PRODUCT_BUNDLE_IDENTIFIER = "com.atucomp.Cookie-Clicker";
				PRODUCT_NAME = "$(TARGET_NAME)";
				SWIFT_EMIT_LOC_STRINGS = YES;
				SWIFT_VERSION = 5.0;
				TARGETED_DEVICE_FAMILY = "1,2";
			};
			name = Release;
		};
		E32247FF2C71810100343FA4 /* Debug */ = {
			isa = XCBuildConfiguration;
			buildSettings = {
				ALWAYS_EMBED_SWIFT_STANDARD_LIBRARIES = YES;
				BUNDLE_LOADER = "$(TEST_HOST)";
				CODE_SIGN_STYLE = Automatic;
				CURRENT_PROJECT_VERSION = 1;
				DEVELOPMENT_TEAM = 272BFAFYH6;
				GENERATE_INFOPLIST_FILE = YES;
				IPHONEOS_DEPLOYMENT_TARGET = 17.5;
				MARKETING_VERSION = 1.0;
				PRODUCT_BUNDLE_IDENTIFIER = "com.atucomp.Cookie-ClickerTests";
				PRODUCT_NAME = "$(TARGET_NAME)";
				SWIFT_EMIT_LOC_STRINGS = NO;
				SWIFT_VERSION = 5.0;
				TARGETED_DEVICE_FAMILY = "1,2";
				TEST_HOST = "$(BUILT_PRODUCTS_DIR)/Cookie Clicker.app/$(BUNDLE_EXECUTABLE_FOLDER_PATH)/Cookie Clicker";
			};
			name = Debug;
		};
		E32248002C71810100343FA4 /* Release */ = {
			isa = XCBuildConfiguration;
			buildSettings = {
				ALWAYS_EMBED_SWIFT_STANDARD_LIBRARIES = YES;
				BUNDLE_LOADER = "$(TEST_HOST)";
				CODE_SIGN_STYLE = Automatic;
				CURRENT_PROJECT_VERSION = 1;
				DEVELOPMENT_TEAM = 272BFAFYH6;
				GENERATE_INFOPLIST_FILE = YES;
				IPHONEOS_DEPLOYMENT_TARGET = 17.5;
				MARKETING_VERSION = 1.0;
				PRODUCT_BUNDLE_IDENTIFIER = "com.atucomp.Cookie-ClickerTests";
				PRODUCT_NAME = "$(TARGET_NAME)";
				SWIFT_EMIT_LOC_STRINGS = NO;
				SWIFT_VERSION = 5.0;
				TARGETED_DEVICE_FAMILY = "1,2";
				TEST_HOST = "$(BUILT_PRODUCTS_DIR)/Cookie Clicker.app/$(BUNDLE_EXECUTABLE_FOLDER_PATH)/Cookie Clicker";
			};
			name = Release;
		};
		E32248022C71810100343FA4 /* Debug */ = {
			isa = XCBuildConfiguration;
			buildSettings = {
				ALWAYS_EMBED_SWIFT_STANDARD_LIBRARIES = YES;
				CODE_SIGN_STYLE = Automatic;
				CURRENT_PROJECT_VERSION = 1;
				DEVELOPMENT_TEAM = 272BFAFYH6;
				GENERATE_INFOPLIST_FILE = YES;
				MARKETING_VERSION = 1.0;
				PRODUCT_BUNDLE_IDENTIFIER = "com.atucomp.Cookie-ClickerUITests";
				PRODUCT_NAME = "$(TARGET_NAME)";
				SWIFT_EMIT_LOC_STRINGS = NO;
				SWIFT_VERSION = 5.0;
				TARGETED_DEVICE_FAMILY = "1,2";
				TEST_TARGET_NAME = "Cookie Clicker";
			};
			name = Debug;
		};
		E32248032C71810100343FA4 /* Release */ = {
			isa = XCBuildConfiguration;
			buildSettings = {
				ALWAYS_EMBED_SWIFT_STANDARD_LIBRARIES = YES;
				CODE_SIGN_STYLE = Automatic;
				CURRENT_PROJECT_VERSION = 1;
				DEVELOPMENT_TEAM = 272BFAFYH6;
				GENERATE_INFOPLIST_FILE = YES;
				MARKETING_VERSION = 1.0;
				PRODUCT_BUNDLE_IDENTIFIER = "com.atucomp.Cookie-ClickerUITests";
				PRODUCT_NAME = "$(TARGET_NAME)";
				SWIFT_EMIT_LOC_STRINGS = NO;
				SWIFT_VERSION = 5.0;
				TARGETED_DEVICE_FAMILY = "1,2";
				TEST_TARGET_NAME = "Cookie Clicker";
			};
			name = Release;
		};
/* End XCBuildConfiguration section */

/* Begin XCConfigurationList section */
		E32247CC2C7180FF00343FA4 /* Build configuration list for PBXProject "Cookie Clicker" */ = {
			isa = XCConfigurationList;
			buildConfigurations = (
				E32247F92C71810100343FA4 /* Debug */,
				E32247FA2C71810100343FA4 /* Release */,
			);
			defaultConfigurationIsVisible = 0;
			defaultConfigurationName = Release;
		};
		E32247FB2C71810100343FA4 /* Build configuration list for PBXNativeTarget "Cookie Clicker" */ = {
			isa = XCConfigurationList;
			buildConfigurations = (
				E32247FC2C71810100343FA4 /* Debug */,
				E32247FD2C71810100343FA4 /* Release */,
			);
			defaultConfigurationIsVisible = 0;
			defaultConfigurationName = Release;
		};
		E32247FE2C71810100343FA4 /* Build configuration list for PBXNativeTarget "Cookie ClickerTests" */ = {
			isa = XCConfigurationList;
			buildConfigurations = (
				E32247FF2C71810100343FA4 /* Debug */,
				E32248002C71810100343FA4 /* Release */,
			);
			defaultConfigurationIsVisible = 0;
			defaultConfigurationName = Release;
		};
		E32248012C71810100343FA4 /* Build configuration list for PBXNativeTarget "Cookie ClickerUITests" */ = {
			isa = XCConfigurationList;
			buildConfigurations = (
				E32248022C71810100343FA4 /* Debug */,
				E32248032C71810100343FA4 /* Release */,
			);
			defaultConfigurationIsVisible = 0;
			defaultConfigurationName = Release;
		};
/* End XCConfigurationList section */
	};
	rootObject = E32247C92C7180FF00343FA4 /* Project object */;
}
